
Microsoft Visual Studio Solution File, Format Version 12.00
# Visual Studio Version 16
VisualStudioVersion = 16.0.31613.86
MinimumVisualStudioVersion = 10.0.40219.1
Project("{FAE04EC0-301F-11D3-BF4B-00C04F79EFBC}") = "FragBFT12", "FragBFT12.csproj", "{1A8D0667-4BD7-4BC7-99A4-BF59D5A3E79F}"
EndProject
Global
	GlobalSection(SolutionConfigurationPlatforms) = preSolution
		Debug|Any CPU = Debug|Any CPU
		Release|Any CPU = Release|Any CPU
	EndGlobalSection
	GlobalSection(ProjectConfigurationPlatforms) = postSolution
		{1A8D0667-4BD7-4BC7-99A4-BF59D5A3E79F}.Debug|Any CPU.ActiveCfg = Debug|Any CPU
		{1A8D0667-4BD7-4BC7-99A4-BF59D5A3E79F}.Debug|Any CPU.Build.0 = Debug|Any CPU
		{1A8D0667-4BD7-4BC7-99A4-BF59D5A3E79F}.Release|Any CPU.ActiveCfg = Release|Any CPU
		{1A8D0667-4BD7-4BC7-99A4-BF59D5A3E79F}.Release|Any CPU.Build.0 = Release|Any CPU
	EndGlobalSection
	GlobalSection(SolutionProperties) = preSolution
		HideSolutionNode = FALSE
	EndGlobalSection
	GlobalSection(ExtensibilityGlobals) = postSolution
		SolutionGuid = {7BAFEFAB-F058-48C9-B692-EA904190A03D}
	EndGlobalSection
EndGlobal
